<?xml version="1.0" encoding="utf-8"?>
<Project ToolsVersion="4.0" xmlns="http://schemas.microsoft.com/developer/msbuild/2003">
  <ItemGroup>
    <Filter Include="Source Files">
      <UniqueIdentifier>{4FC737F1-C7A5-4376-A066-2A32D752A2FF}</UniqueIdentifier>
      <Extensions>cpp;c;cc;cxx;c++;cppm;ixx;def;odl;idl;hpj;bat;asm;asmx</Extensions>
    </Filter>
    <Filter Include="Header Files">
      <UniqueIdentifier>{93995380-89BD-4b04-88EB-625FBE52EBFB}</UniqueIdentifier>
      <Extensions>h;hh;hpp;hxx;h++;hm;inl;inc;ipp;xsd</Extensions>
    </Filter>
    <Filter Include="Resource Files">
      <UniqueIdentifier>{67DA6AB6-F800-4c08-8B7A-83BB121AAD01}</UniqueIdentifier>
      <Extensions>rc;ico;cur;bmp;dlg;rc2;rct;bin;rgs;gif;jpg;jpeg;jpe;resx;tiff;tif;png;wav;mfcribbon-ms</Extensions>
    </Filter>
    <Filter Include="Source Files\FrontEnd">
      <UniqueIdentifier>{44a49e82-006b-4b95-89d5-a2aec36e11f8}</UniqueIdentifier>
    </Filter>
    <Filter Include="Source Files\BackEnd">
      <UniqueIdentifier>{186eaf40-2136-433a-92fb-d4e61ac38894}</UniqueIdentifier>
    </Filter>
    <Filter Include="Header Files\AL&amp;DT">
      <UniqueIdentifier>{6fc4d6f8-f7f4-4786-b7a0-7637ed79e767}</UniqueIdentifier>
    </Filter>
    <Filter Include="Header Files\Functional">
      <UniqueIdentifier>{2716a9e9-33b8-43a6-a4d9-537fef6aa78e}</UniqueIdentifier>
    </Filter>
    <Filter Include="Header Files\Functional\Fomat">
      <UniqueIdentifier>{4d47eaf2-1682-4c16-bc4c-9e9526b37462}</UniqueIdentifier>
    </Filter>
    <Filter Include="Header Files\Data Structure">
      <UniqueIdentifier>{331d9ee1-76fe-4111-b6ef-3506363fe254}</UniqueIdentifier>
    </Filter>
    <Filter Include="Source Files\Function">
      <UniqueIdentifier>{664f0c3b-cab5-4682-acd5-13e017ef89f6}</UniqueIdentifier>
    </Filter>
  </ItemGroup>
  <ItemGroup>
    <ClCompile Include="Main.cpp">
      <Filter>Source Files</Filter>
    </ClCompile>
    <ClCompile Include="DoublyLinkedList.cpp">
      <Filter>Source Files\BackEnd</Filter>
    </ClCompile>
    <ClCompile Include="DoublyNode.cpp">
      <Filter>Source Files\BackEnd</Filter>
    </ClCompile>
    <ClCompile Include="Stack.cpp">
      <Filter>Source Files\BackEnd</Filter>
    </ClCompile>
    <ClCompile Include="SinglyNode.cpp">
      <Filter>Source Files\BackEnd</Filter>
    </ClCompile>
    <ClCompile Include="SinglyLinkedList.cpp">
      <Filter>Source Files\BackEnd</Filter>
    </ClCompile>
    <ClCompile Include="BSTree.cpp">
      <Filter>Source Files\BackEnd</Filter>
    </ClCompile>
    <ClCompile Include="BSTNode.cpp">
      <Filter>Source Files\BackEnd</Filter>
    </ClCompile>
    <ClCompile Include="Queue.cpp">
      <Filter>Source Files\BackEnd</Filter>
    </ClCompile>
    <ClCompile Include="CardReader.cpp">
      <Filter>Source Files\BackEnd</Filter>
    </ClCompile>
    <ClCompile Include="SaveTextFile.cpp">
      <Filter>Source Files\BackEnd</Filter>
    </ClCompile>
    <ClCompile Include="DisplayListCardReader.cpp">
      <Filter>Source Files\FrontEnd</Filter>
    </ClCompile>
    <ClCompile Include="CheckInput.cpp">
      <Filter>Source Files\BackEnd</Filter>
    </ClCompile>
    <ClCompile Include="LinearList.cpp">
      <Filter>Source Files\BackEnd</Filter>
    </ClCompile>
    <ClCompile Include="Title.cpp">
      <Filter>Source Files\BackEnd</Filter>
    </ClCompile>
    <ClCompile Include="BookTitle.cpp">
      <Filter>Source Files\FrontEnd</Filter>
    </ClCompile>
    <ClCompile Include="ReaderCard.cpp">
      <Filter>Source Files\FrontEnd</Filter>
    </ClCompile>
    <ClCompile Include="DateTime.cpp">
      <Filter>Source Files\Function</Filter>
    </ClCompile>
    <ClCompile Include="FormatText.cpp">
      <Filter>Source Files\Function</Filter>
    </ClCompile>
    <ClCompile Include="DisplayListTitle.cpp">
      <Filter>Source Files\FrontEnd</Filter>
    </ClCompile>
    <ClCompile Include="Book.cpp">
      <Filter>Source Files\BackEnd</Filter>
    </ClCompile>
    <ClCompile Include="DisplayListBook.cpp">
      <Filter>Source Files\FrontEnd</Filter>
    </ClCompile>
    <ClCompile Include="AdminMenu.cpp">
      <Filter>Source Files\FrontEnd</Filter>
    </ClCompile>
    <ClCompile Include="SortAlgorithm.cpp">
      <Filter>Source Files\BackEnd</Filter>
    </ClCompile>
    <ClCompile Include="FindInforBook.cpp">
      <Filter>Source Files\FrontEnd</Filter>
    </ClCompile>
    <ClCompile Include="BorrowBook.cpp">
      <Filter>Source Files\BackEnd</Filter>
    </ClCompile>
    <ClCompile Include="LendBook.cpp">
      <Filter>Source Files\FrontEnd</Filter>
    </ClCompile>
    <ClCompile Include="ControlDateTime.cpp">
      <Filter>Source Files\BackEnd</Filter>
    </ClCompile>
    <ClCompile Include="GiveBook.cpp">
      <Filter>Source Files\FrontEnd</Filter>
    </ClCompile>
    <ClCompile Include="OverDueList.cpp">
      <Filter>Source Files\FrontEnd</Filter>
    </ClCompile>
    <ClCompile Include="OverDueCard.cpp">
      <Filter>Source Files\BackEnd</Filter>
    </ClCompile>
    <ClCompile Include="MostBorrowings.cpp">
      <Filter>Source Files\FrontEnd</Filter>
    </ClCompile>
  </ItemGroup>
  <ItemGroup>
    <ClInclude Include="ReaderCard.h">
      <Filter>Header Files</Filter>
    </ClInclude>
    <ClInclude Include="DisplayListCardReader.h">
      <Filter>Header Files</Filter>
    </ClInclude>
    <ClInclude Include="BookTitle.h">
      <Filter>Header Files</Filter>
    </ClInclude>
    <ClInclude Include="DateTime.h">
      <Filter>Header Files\Functional\Fomat</Filter>
    </ClInclude>
    <ClInclude Include="FormatText.h">
      <Filter>Header Files\Functional\Fomat</Filter>
    </ClInclude>
    <ClInclude Include="DisplayListTitle.h">
      <Filter>Header Files</Filter>
    </ClInclude>
    <ClInclude Include="DisplayListBook.h">
      <Filter>Header Files</Filter>
    </ClInclude>
    <ClInclude Include="AdminMenu.h">
      <Filter>Header Files</Filter>
    </ClInclude>
    <ClInclude Include="FindInforBook.h">
      <Filter>Header Files</Filter>
    </ClInclude>
    <ClInclude Include="BSTNode.h">
      <Filter>Header Files\AL&amp;DT</Filter>
    </ClInclude>
    <ClInclude Include="BSTree.h">
      <Filter>Header Files\AL&amp;DT</Filter>
    </ClInclude>
    <ClInclude Include="DoublyLinkedList.h">
      <Filter>Header Files\AL&amp;DT</Filter>
    </ClInclude>
    <ClInclude Include="DoublyNode.h">
      <Filter>Header Files\AL&amp;DT</Filter>
    </ClInclude>
    <ClInclude Include="SortAlgorithm.h">
      <Filter>Header Files\AL&amp;DT</Filter>
    </ClInclude>
    <ClInclude Include="LinearList.h">
      <Filter>Header Files\AL&amp;DT</Filter>
    </ClInclude>
    <ClInclude Include="Queue.h">
      <Filter>Header Files\AL&amp;DT</Filter>
    </ClInclude>
    <ClInclude Include="SinglyLinkedList.h">
      <Filter>Header Files\AL&amp;DT</Filter>
    </ClInclude>
    <ClInclude Include="SinglyNode.h">
      <Filter>Header Files\AL&amp;DT</Filter>
    </ClInclude>
    <ClInclude Include="Stack.h">
      <Filter>Header Files\AL&amp;DT</Filter>
    </ClInclude>
    <ClInclude Include="SaveTextFile.h">
      <Filter>Header Files\Functional</Filter>
    </ClInclude>
    <ClInclude Include="CheckInput.h">
      <Filter>Header Files\Functional</Filter>
    </ClInclude>
    <ClInclude Include="Book.h">
      <Filter>Header Files\Data Structure</Filter>
    </ClInclude>
    <ClInclude Include="CardReader.h">
      <Filter>Header Files\Data Structure</Filter>
    </ClInclude>
    <ClInclude Include="Title.h">
      <Filter>Header Files\Data Structure</Filter>
    </ClInclude>
    <ClInclude Include="BorrowBook.h">
      <Filter>Header Files\Data Structure</Filter>
    </ClInclude>
    <ClInclude Include="LendBook.h">
      <Filter>Header Files</Filter>
    </ClInclude>
    <ClInclude Include="ControlDateTime.h">
      <Filter>Header Files\Functional</Filter>
    </ClInclude>
    <ClInclude Include="GiveBook.h">
      <Filter>Header Files</Filter>
    </ClInclude>
    <ClInclude Include="OverDueList.h">
      <Filter>Header Files</Filter>
    </ClInclude>
    <ClInclude Include="OverDueCard.h">
      <Filter>Header Files\Data Structure</Filter>
    </ClInclude>
    <ClInclude Include="MostBorrowings.h">
      <Filter>Header Files</Filter>
    </ClInclude>
  </ItemGroup>
</Project>